
Microsoft Visual Studio Solution File, Format Version 12.00
# Visual Studio 15
Project("{FAE04EC0-301F-11D3-BF4B-00C04F79EFBC}") = "Assembly-CSharp", "Assembly-CSharp.csproj", "{0E3CFC08-3884-99DA-586A-95CCE1E7AF7A}"
EndProject
Project("{FAE04EC0-301F-11D3-BF4B-00C04F79EFBC}") = "Oculus.VR", "Oculus.VR.csproj", "{49E69882-9EA1-8FD4-579D-8078C4DC69E5}"
EndProject
Project("{FAE04EC0-301F-11D3-BF4B-00C04F79EFBC}") = "Assembly-CSharp-Editor", "Assembly-CSharp-Editor.csproj", "{12C9C04B-3EBC-4FEA-562A-058B662981CC}"
EndProject
Project("{FAE04EC0-301F-11D3-BF4B-00C04F79EFBC}") = "Oculus.VR.Scripts.Editor", "Oculus.VR.Scripts.Editor.csproj", "{7EAC0CE1-F02C-3CAB-5CF4-95AC0B61A2AF}"
EndProject
Project("{FAE04EC0-301F-11D3-BF4B-00C04F79EFBC}") = "Oculus.VR.Editor", "Oculus.VR.Editor.csproj", "{467D24D0-732A-B248-1036-CD5F5E6F4FAA}"
EndProject
Global
	GlobalSection(SolutionConfigurationPlatforms) = preSolution
		Debug|Any CPU = Debug|Any CPU
		Release|Any CPU = Release|Any CPU
	EndGlobalSection
	GlobalSection(ProjectConfigurationPlatforms) = postSolution
		{0E3CFC08-3884-99DA-586A-95CCE1E7AF7A}.Debug|Any CPU.ActiveCfg = Debug|Any CPU
		{0E3CFC08-3884-99DA-586A-95CCE1E7AF7A}.Debug|Any CPU.Build.0 = Debug|Any CPU
		{0E3CFC08-3884-99DA-586A-95CCE1E7AF7A}.Release|Any CPU.ActiveCfg = Release|Any CPU
		{0E3CFC08-3884-99DA-586A-95CCE1E7AF7A}.Release|Any CPU.Build.0 = Release|Any CPU
		{49E69882-9EA1-8FD4-579D-8078C4DC69E5}.Debug|Any CPU.ActiveCfg = Debug|Any CPU
		{49E69882-9EA1-8FD4-579D-8078C4DC69E5}.Debug|Any CPU.Build.0 = Debug|Any CPU
		{49E69882-9EA1-8FD4-579D-8078C4DC69E5}.Release|Any CPU.ActiveCfg = Release|Any CPU
		{49E69882-9EA1-8FD4-579D-8078C4DC69E5}.Release|Any CPU.Build.0 = Release|Any CPU
		{12C9C04B-3EBC-4FEA-562A-058B662981CC}.Debug|Any CPU.ActiveCfg = Debug|Any CPU
		{12C9C04B-3EBC-4FEA-562A-058B662981CC}.Debug|Any CPU.Build.0 = Debug|Any CPU
		{12C9C04B-3EBC-4FEA-562A-058B662981CC}.Release|Any CPU.ActiveCfg = Release|Any CPU
		{12C9C04B-3EBC-4FEA-562A-058B662981CC}.Release|Any CPU.Build.0 = Release|Any CPU
		{7EAC0CE1-F02C-3CAB-5CF4-95AC0B61A2AF}.Debug|Any CPU.ActiveCfg = Debug|Any CPU
		{7EAC0CE1-F02C-3CAB-5CF4-95AC0B61A2AF}.Debug|Any CPU.Build.0 = Debug|Any CPU
		{7EAC0CE1-F02C-3CAB-5CF4-95AC0B61A2AF}.Release|Any CPU.ActiveCfg = Release|Any CPU
		{7EAC0CE1-F02C-3CAB-5CF4-95AC0B61A2AF}.Release|Any CPU.Build.0 = Release|Any CPU
		{467D24D0-732A-B248-1036-CD5F5E6F4FAA}.Debug|Any CPU.ActiveCfg = Debug|Any CPU
		{467D24D0-732A-B248-1036-CD5F5E6F4FAA}.Debug|Any CPU.Build.0 = Debug|Any CPU
		{467D24D0-732A-B248-1036-CD5F5E6F4FAA}.Release|Any CPU.ActiveCfg = Release|Any CPU
		{467D24D0-732A-B248-1036-CD5F5E6F4FAA}.Release|Any CPU.Build.0 = Release|Any CPU
	EndGlobalSection
	GlobalSection(SolutionProperties) = preSolution
		HideSolutionNode = FALSE
	EndGlobalSection
EndGlobal
